{
    "name": "hono-rwa",
    "version": "0.1.0",
    "lockfileVersion": 3,
    "requires": true,
    "packages": {
        "": {
            "name": "hono-rwa",
            "version": "0.1.0",
            "license": "ISC",
            "dependencies": {
                "@auth0/auth0-hono": "^1.2.5",
                "hono": "^4.10.4"
            }
        },
        "node_modules/@auth0/auth0-auth-js": {
            "version": "1.2.0",
            "resolved": "https://a0us.jfrog.io/artifactory/api/npm/npm/@auth0/auth0-auth-js/-/auth0-auth-js-1.2.0.tgz",
            "integrity": "sha512-VBoSta4aCgNl9Ym+UAHHI3g0VFxIOiZhtY2oPEZxpHjhcUjS7xnNI957XZxXG45f+7zdOgCqLvfkJ1iWJJUv+Q==",
            "license": "MIT",
            "dependencies": {
                "jose": "^6.0.8",
                "openid-client": "^6.8.0"
            }
        },
        "node_modules/@auth0/auth0-hono": {
            "version": "1.2.5",
            "resolved": "https://a0us.jfrog.io/artifactory/api/npm/npm/@auth0/auth0-hono/-/auth0-hono-1.2.5.tgz",
            "integrity": "sha512-ABO+HOpJt6aRg7GgQgH6nPObU9hktuYGN+nterm9nPTzkGeKkhe2daIOflFaV53MRr23n8DB8Rq6tRHGSVCt6A==",
            "license": "Apache-2.0",
            "dependencies": {
                "@auth0/auth0-server-js": "^1.0.3",
                "zod": "^3.24.4"
            },
            "peerDependencies": {
                "hono": ">=3.0.0"
            }
        },
        "node_modules/@auth0/auth0-server-js": {
            "version": "1.1.0",
            "resolved": "https://a0us.jfrog.io/artifactory/api/npm/npm/@auth0/auth0-server-js/-/auth0-server-js-1.1.0.tgz",
            "integrity": "sha512-5Q+bXhxYV0ZaHdL1Jjzu4WoRfEuEGFR8zZ16UvFWhC7JUwmFvNsxH7ktdx4mGYo6KqFBev7ds9t/7XvxbdlEjw==",
            "license": "MIT",
            "dependencies": {
                "@auth0/auth0-auth-js": "^1.1.0",
                "jose": "^6.0.8"
            }
        },
        "node_modules/hono": {
            "version": "4.10.4",
            "resolved": "https://a0us.jfrog.io/artifactory/api/npm/npm/hono/-/hono-4.10.4.tgz",
            "integrity": "sha512-YG/fo7zlU3KwrBL5vDpWKisLYiM+nVstBQqfr7gCPbSYURnNEP9BDxEMz8KfsDR9JX0lJWDRNc6nXX31v7ZEyg==",
            "license": "MIT",
            "engines": {
                "node": ">=16.9.0"
            }
        },
        "node_modules/jose": {
            "version": "6.1.0",
            "resolved": "https://a0us.jfrog.io/artifactory/api/npm/npm/jose/-/jose-6.1.0.tgz",
            "integrity": "sha512-TTQJyoEoKcC1lscpVDCSsVgYzUDg/0Bt3WE//WiTPK6uOCQC2KZS4MpugbMWt/zyjkopgZoXhZuCi00gLudfUA==",
            "license": "MIT",
            "funding": {
                "url": "https://github.com/sponsors/panva"
            }
        },
        "node_modules/oauth4webapi": {
            "version": "3.8.2",
            "resolved": "https://a0us.jfrog.io/artifactory/api/npm/npm/oauth4webapi/-/oauth4webapi-3.8.2.tgz",
            "integrity": "sha512-FzZZ+bht5X0FKe7Mwz3DAVAmlH1BV5blSak/lHMBKz0/EBMhX6B10GlQYI51+oRp8ObJaX0g6pXrAxZh5s8rjw==",
            "license": "MIT",
            "funding": {
                "url": "https://github.com/sponsors/panva"
            }
        },
        "node_modules/openid-client": {
            "version": "6.8.1",
            "resolved": "https://a0us.jfrog.io/artifactory/api/npm/npm/openid-client/-/openid-client-6.8.1.tgz",
            "integrity": "sha512-VoYT6enBo6Vj2j3Q5Ec0AezS+9YGzQo1f5Xc42lreMGlfP4ljiXPKVDvCADh+XHCV/bqPu/wWSiCVXbJKvrODw==",
            "license": "MIT",
            "dependencies": {
                "jose": "^6.1.0",
                "oauth4webapi": "^3.8.2"
            },
            "funding": {
                "url": "https://github.com/sponsors/panva"
            }
        },
        "node_modules/zod": {
            "version": "3.25.76",
            "resolved": "https://a0us.jfrog.io/artifactory/api/npm/npm/zod/-/zod-3.25.76.tgz",
            "integrity": "sha512-gzUt/qt81nXsFGKIFcC3YnfEAx5NkunCfnDlvuBSSFS02bcXu4Lmea0AFIUwbLWxWPx3d9p8S5QoaujKcNQxcQ==",
            "license": "MIT",
            "funding": {
                "url": "https://github.com/sponsors/colinhacks"
            }
        }
    }
}
